
Microsoft Visual Studio Solution File, Format Version 12.00
# Visual Studio Version 16
VisualStudioVersion = 16.0.29230.47
MinimumVisualStudioVersion = 10.0.40219.1
Project("{FAE04EC0-301F-11D3-BF4B-00C04F79EFBC}") = "Iterations", "..\Iterations\Iterations.csproj", "{9147F065-828A-44B3-9FC3-650F4EB13DAA}"
EndProject
Project("{FAE04EC0-301F-11D3-BF4B-00C04F79EFBC}") = "DecisionConstructs", "DecisionConstructs\DecisionConstructs.csproj", "{787BFB6A-8D19-4391-846F-CC30FA7AFEDD}"
EndProject
Project("{FAE04EC0-301F-11D3-BF4B-00C04F79EFBC}") = "Arrays", "Arrays\Arrays.csproj", "{D4DA4697-88A9-4186-B9EF-3A8E5BE60C16}"
EndProject
Global
	GlobalSection(SolutionConfigurationPlatforms) = preSolution
		Debug|Any CPU = Debug|Any CPU
		Release|Any CPU = Release|Any CPU
	EndGlobalSection
	GlobalSection(ProjectConfigurationPlatforms) = postSolution
		{9147F065-828A-44B3-9FC3-650F4EB13DAA}.Debug|Any CPU.ActiveCfg = Debug|Any CPU
		{9147F065-828A-44B3-9FC3-650F4EB13DAA}.Debug|Any CPU.Build.0 = Debug|Any CPU
		{9147F065-828A-44B3-9FC3-650F4EB13DAA}.Release|Any CPU.ActiveCfg = Release|Any CPU
		{9147F065-828A-44B3-9FC3-650F4EB13DAA}.Release|Any CPU.Build.0 = Release|Any CPU
		{787BFB6A-8D19-4391-846F-CC30FA7AFEDD}.Debug|Any CPU.ActiveCfg = Debug|Any CPU
		{787BFB6A-8D19-4391-846F-CC30FA7AFEDD}.Debug|Any CPU.Build.0 = Debug|Any CPU
		{787BFB6A-8D19-4391-846F-CC30FA7AFEDD}.Release|Any CPU.ActiveCfg = Release|Any CPU
		{787BFB6A-8D19-4391-846F-CC30FA7AFEDD}.Release|Any CPU.Build.0 = Release|Any CPU
		{D4DA4697-88A9-4186-B9EF-3A8E5BE60C16}.Debug|Any CPU.ActiveCfg = Debug|Any CPU
		{D4DA4697-88A9-4186-B9EF-3A8E5BE60C16}.Debug|Any CPU.Build.0 = Debug|Any CPU
		{D4DA4697-88A9-4186-B9EF-3A8E5BE60C16}.Release|Any CPU.ActiveCfg = Release|Any CPU
		{D4DA4697-88A9-4186-B9EF-3A8E5BE60C16}.Release|Any CPU.Build.0 = Release|Any CPU
	EndGlobalSection
	GlobalSection(SolutionProperties) = preSolution
		HideSolutionNode = FALSE
	EndGlobalSection
	GlobalSection(ExtensibilityGlobals) = postSolution
		SolutionGuid = {6F6EDA0C-C0D3-4A39-BD6D-058C1A5D2B29}
	EndGlobalSection
EndGlobal
